
Microsoft Visual Studio Solution File, Format Version 12.00
# Visual Studio Version 17
VisualStudioVersion = 17.5.002.0
MinimumVisualStudioVersion = 10.0.40219.1
Project("{2150E333-8FDC-42A3-9474-1A3956D46DE8}") = "02.08.23", "02.08.23", "{5550C8D1-D0B1-4A19-BAD4-F901080032C1}"
EndProject
Project("{9A19103F-16F7-4668-BE54-9A1E7A4F7556}") = "Exercise 47", "02.08.23\Exercise 47\Exercise 47.csproj", "{3F4A70F9-8B65-4760-AF14-0DBC9ECCF72D}"
EndProject
Project("{9A19103F-16F7-4668-BE54-9A1E7A4F7556}") = "Exercise 50", "02.08.23\Exercise 50\Exercise 50.csproj", "{8BD76E26-3762-4D2A-B0B7-FB3E6C38CEDE}"
EndProject
Project("{9A19103F-16F7-4668-BE54-9A1E7A4F7556}") = "Exercise 52", "02.08.23\Exercise 52\Exercise 52.csproj", "{6F9FE7B5-BA06-4BDD-8620-DDF4481F7E04}"
EndProject
Project("{2150E333-8FDC-42A3-9474-1A3956D46DE8}") = "18.07.23", "18.07.23", "{4D7623E0-9CEC-4F7B-8BE9-499A2EEA93AA}"
EndProject
Project("{9A19103F-16F7-4668-BE54-9A1E7A4F7556}") = "Exercise 001", "18.07.23\Exercise 001\Exercise 001.csproj", "{6E01C911-9145-4703-94BD-34DB5A95F68C}"
EndProject
Project("{9A19103F-16F7-4668-BE54-9A1E7A4F7556}") = "Exercise 002", "18.07.23\Exercise 002\Exercise 002.csproj", "{7093C929-4C29-419A-83AA-9AC1DF36E04C}"
EndProject
Project("{9A19103F-16F7-4668-BE54-9A1E7A4F7556}") = "Exercise 003", "18.07.23\Exercise 003\Exercise 003.csproj", "{64DFAEE2-9876-49BD-9EB7-2C2EEE7D86E6}"
EndProject
Project("{2150E333-8FDC-42A3-9474-1A3956D46DE8}") = "19.07.23", "19.07.23", "{6780AF8F-0663-4263-87F5-0C42B82979D1}"
EndProject
Project("{9A19103F-16F7-4668-BE54-9A1E7A4F7556}") = "Exercise 015", "19.07.23\Exercise 015\Exercise 015.csproj", "{9D94F056-1849-4E9F-9454-6270BA719D30}"
EndProject
Project("{9A19103F-16F7-4668-BE54-9A1E7A4F7556}") = "Exeercise 016", "19.07.23\Exercise 016\Exeercise 016.csproj", "{0902FD7B-8BDE-455A-9893-66C5617E21F5}"
EndProject
Project("{9A19103F-16F7-4668-BE54-9A1E7A4F7556}") = "Exercise 017", "19.07.23\Exercise 017\Exercise 017.csproj", "{FE768460-E67D-4BCD-B993-090D133E27A0}"
EndProject
Project("{9A19103F-16F7-4668-BE54-9A1E7A4F7556}") = "Exercise 019", "19.07.23\Exercise 019\Exercise 019.csproj", "{F7E24FE1-38C5-4652-B6B1-A89989429C18}"
EndProject
Project("{9A19103F-16F7-4668-BE54-9A1E7A4F7556}") = "Exercise 021", "19.07.23\Exercise 021\Exercise 021.csproj", "{094E2336-9F6C-4BF5-A460-98B18AB4510D}"
EndProject
Project("{9A19103F-16F7-4668-BE54-9A1E7A4F7556}") = "Exercise 019 (1)", "19.07.23\Exercise 023\Exercise 019.csproj", "{DC9CF3B0-FE91-494E-A512-09E2079BEE75}"
EndProject
Project("{2150E333-8FDC-42A3-9474-1A3956D46DE8}") = "20.07.23", "20.07.23", "{4E554E0B-6481-482A-920B-6A2A2D053A59}"
EndProject
Project("{9A19103F-16F7-4668-BE54-9A1E7A4F7556}") = "Exercise 25", "20.07.23\Exercise 25\Exercise 25.csproj", "{36479012-10F3-4E9A-B5B8-3968AA2E415D}"
EndProject
Project("{9A19103F-16F7-4668-BE54-9A1E7A4F7556}") = "Exercise 27", "20.07.23\Exercise 27\Exercise 27.csproj", "{FF1BA308-FBEA-40CF-99F4-598E71C4FDB6}"
EndProject
Project("{9A19103F-16F7-4668-BE54-9A1E7A4F7556}") = "Exercise 29", "20.07.23\Exercise 29\Exercise 29.csproj", "{504FA47A-0525-40BB-92FE-0F7D1443F83E}"
EndProject
Project("{2150E333-8FDC-42A3-9474-1A3956D46DE8}") = "25.07.23", "25.07.23", "{EB19BF1E-BE1B-4728-8794-1850A64CA79C}"
EndProject
Project("{9A19103F-16F7-4668-BE54-9A1E7A4F7556}") = "Exercise 1", "25.07.23\Exercise 34\Exercise 1.csproj", "{CE3D7264-8D7B-4289-9C28-6123F15DBADD}"
EndProject
Project("{9A19103F-16F7-4668-BE54-9A1E7A4F7556}") = "Exercise 36", "25.07.23\Exercise 36\Exercise 36.csproj", "{5AD7ADAA-9D43-4A93-B950-1B506DAF8734}"
EndProject
Project("{9A19103F-16F7-4668-BE54-9A1E7A4F7556}") = "Exercise 38", "25.07.23\Exercise 38\Exercise 38.csproj", "{A81ED44B-E486-42FF-9792-6D4C4E6A8FC7}"
EndProject
Project("{2150E333-8FDC-42A3-9474-1A3956D46DE8}") = "27.07.23", "27.07.23", "{F167B350-E152-4B97-AD00-4387E7B55FE1}"
EndProject
Project("{9A19103F-16F7-4668-BE54-9A1E7A4F7556}") = "Exercise 41", "27.07.23\Exercise 41\Exercise 41.csproj", "{EDBE04C2-ABF1-4822-92EC-EE20CF31C951}"
EndProject
Project("{9A19103F-16F7-4668-BE54-9A1E7A4F7556}") = "Exercise 43", "27.07.23\Exercise 43\Exercise 43.csproj", "{49C64147-C061-41CB-8B3F-7ECA07919D35}"
EndProject
Project("{9A19103F-16F7-4668-BE54-9A1E7A4F7556}") = "Exercise 45", "27.07.23\Exercise 45\Exercise 45.csproj", "{D4F4227D-4E90-4108-9083-AC4DB38C2D76}"
EndProject
Global
	GlobalSection(SolutionConfigurationPlatforms) = preSolution
		Debug|Any CPU = Debug|Any CPU
		Release|Any CPU = Release|Any CPU
	EndGlobalSection
	GlobalSection(ProjectConfigurationPlatforms) = postSolution
		{3F4A70F9-8B65-4760-AF14-0DBC9ECCF72D}.Debug|Any CPU.ActiveCfg = Debug|Any CPU
		{3F4A70F9-8B65-4760-AF14-0DBC9ECCF72D}.Debug|Any CPU.Build.0 = Debug|Any CPU
		{3F4A70F9-8B65-4760-AF14-0DBC9ECCF72D}.Release|Any CPU.ActiveCfg = Release|Any CPU
		{3F4A70F9-8B65-4760-AF14-0DBC9ECCF72D}.Release|Any CPU.Build.0 = Release|Any CPU
		{8BD76E26-3762-4D2A-B0B7-FB3E6C38CEDE}.Debug|Any CPU.ActiveCfg = Debug|Any CPU
		{8BD76E26-3762-4D2A-B0B7-FB3E6C38CEDE}.Debug|Any CPU.Build.0 = Debug|Any CPU
		{8BD76E26-3762-4D2A-B0B7-FB3E6C38CEDE}.Release|Any CPU.ActiveCfg = Release|Any CPU
		{8BD76E26-3762-4D2A-B0B7-FB3E6C38CEDE}.Release|Any CPU.Build.0 = Release|Any CPU
		{6F9FE7B5-BA06-4BDD-8620-DDF4481F7E04}.Debug|Any CPU.ActiveCfg = Debug|Any CPU
		{6F9FE7B5-BA06-4BDD-8620-DDF4481F7E04}.Debug|Any CPU.Build.0 = Debug|Any CPU
		{6F9FE7B5-BA06-4BDD-8620-DDF4481F7E04}.Release|Any CPU.ActiveCfg = Release|Any CPU
		{6F9FE7B5-BA06-4BDD-8620-DDF4481F7E04}.Release|Any CPU.Build.0 = Release|Any CPU
		{6E01C911-9145-4703-94BD-34DB5A95F68C}.Debug|Any CPU.ActiveCfg = Debug|Any CPU
		{6E01C911-9145-4703-94BD-34DB5A95F68C}.Debug|Any CPU.Build.0 = Debug|Any CPU
		{6E01C911-9145-4703-94BD-34DB5A95F68C}.Release|Any CPU.ActiveCfg = Release|Any CPU
		{6E01C911-9145-4703-94BD-34DB5A95F68C}.Release|Any CPU.Build.0 = Release|Any CPU
		{7093C929-4C29-419A-83AA-9AC1DF36E04C}.Debug|Any CPU.ActiveCfg = Debug|Any CPU
		{7093C929-4C29-419A-83AA-9AC1DF36E04C}.Debug|Any CPU.Build.0 = Debug|Any CPU
		{7093C929-4C29-419A-83AA-9AC1DF36E04C}.Release|Any CPU.ActiveCfg = Release|Any CPU
		{7093C929-4C29-419A-83AA-9AC1DF36E04C}.Release|Any CPU.Build.0 = Release|Any CPU
		{64DFAEE2-9876-49BD-9EB7-2C2EEE7D86E6}.Debug|Any CPU.ActiveCfg = Debug|Any CPU
		{64DFAEE2-9876-49BD-9EB7-2C2EEE7D86E6}.Debug|Any CPU.Build.0 = Debug|Any CPU
		{64DFAEE2-9876-49BD-9EB7-2C2EEE7D86E6}.Release|Any CPU.ActiveCfg = Release|Any CPU
		{64DFAEE2-9876-49BD-9EB7-2C2EEE7D86E6}.Release|Any CPU.Build.0 = Release|Any CPU
		{9D94F056-1849-4E9F-9454-6270BA719D30}.Debug|Any CPU.ActiveCfg = Debug|Any CPU
		{9D94F056-1849-4E9F-9454-6270BA719D30}.Debug|Any CPU.Build.0 = Debug|Any CPU
		{9D94F056-1849-4E9F-9454-6270BA719D30}.Release|Any CPU.ActiveCfg = Release|Any CPU
		{9D94F056-1849-4E9F-9454-6270BA719D30}.Release|Any CPU.Build.0 = Release|Any CPU
		{0902FD7B-8BDE-455A-9893-66C5617E21F5}.Debug|Any CPU.ActiveCfg = Debug|Any CPU
		{0902FD7B-8BDE-455A-9893-66C5617E21F5}.Debug|Any CPU.Build.0 = Debug|Any CPU
		{0902FD7B-8BDE-455A-9893-66C5617E21F5}.Release|Any CPU.ActiveCfg = Release|Any CPU
		{0902FD7B-8BDE-455A-9893-66C5617E21F5}.Release|Any CPU.Build.0 = Release|Any CPU
		{FE768460-E67D-4BCD-B993-090D133E27A0}.Debug|Any CPU.ActiveCfg = Debug|Any CPU
		{FE768460-E67D-4BCD-B993-090D133E27A0}.Debug|Any CPU.Build.0 = Debug|Any CPU
		{FE768460-E67D-4BCD-B993-090D133E27A0}.Release|Any CPU.ActiveCfg = Release|Any CPU
		{FE768460-E67D-4BCD-B993-090D133E27A0}.Release|Any CPU.Build.0 = Release|Any CPU
		{F7E24FE1-38C5-4652-B6B1-A89989429C18}.Debug|Any CPU.ActiveCfg = Debug|Any CPU
		{F7E24FE1-38C5-4652-B6B1-A89989429C18}.Debug|Any CPU.Build.0 = Debug|Any CPU
		{F7E24FE1-38C5-4652-B6B1-A89989429C18}.Release|Any CPU.ActiveCfg = Release|Any CPU
		{F7E24FE1-38C5-4652-B6B1-A89989429C18}.Release|Any CPU.Build.0 = Release|Any CPU
		{094E2336-9F6C-4BF5-A460-98B18AB4510D}.Debug|Any CPU.ActiveCfg = Debug|Any CPU
		{094E2336-9F6C-4BF5-A460-98B18AB4510D}.Debug|Any CPU.Build.0 = Debug|Any CPU
		{094E2336-9F6C-4BF5-A460-98B18AB4510D}.Release|Any CPU.ActiveCfg = Release|Any CPU
		{094E2336-9F6C-4BF5-A460-98B18AB4510D}.Release|Any CPU.Build.0 = Release|Any CPU
		{DC9CF3B0-FE91-494E-A512-09E2079BEE75}.Debug|Any CPU.ActiveCfg = Debug|Any CPU
		{DC9CF3B0-FE91-494E-A512-09E2079BEE75}.Debug|Any CPU.Build.0 = Debug|Any CPU
		{DC9CF3B0-FE91-494E-A512-09E2079BEE75}.Release|Any CPU.ActiveCfg = Release|Any CPU
		{DC9CF3B0-FE91-494E-A512-09E2079BEE75}.Release|Any CPU.Build.0 = Release|Any CPU
		{36479012-10F3-4E9A-B5B8-3968AA2E415D}.Debug|Any CPU.ActiveCfg = Debug|Any CPU
		{36479012-10F3-4E9A-B5B8-3968AA2E415D}.Debug|Any CPU.Build.0 = Debug|Any CPU
		{36479012-10F3-4E9A-B5B8-3968AA2E415D}.Release|Any CPU.ActiveCfg = Release|Any CPU
		{36479012-10F3-4E9A-B5B8-3968AA2E415D}.Release|Any CPU.Build.0 = Release|Any CPU
		{FF1BA308-FBEA-40CF-99F4-598E71C4FDB6}.Debug|Any CPU.ActiveCfg = Debug|Any CPU
		{FF1BA308-FBEA-40CF-99F4-598E71C4FDB6}.Debug|Any CPU.Build.0 = Debug|Any CPU
		{FF1BA308-FBEA-40CF-99F4-598E71C4FDB6}.Release|Any CPU.ActiveCfg = Release|Any CPU
		{FF1BA308-FBEA-40CF-99F4-598E71C4FDB6}.Release|Any CPU.Build.0 = Release|Any CPU
		{504FA47A-0525-40BB-92FE-0F7D1443F83E}.Debug|Any CPU.ActiveCfg = Debug|Any CPU
		{504FA47A-0525-40BB-92FE-0F7D1443F83E}.Debug|Any CPU.Build.0 = Debug|Any CPU
		{504FA47A-0525-40BB-92FE-0F7D1443F83E}.Release|Any CPU.ActiveCfg = Release|Any CPU
		{504FA47A-0525-40BB-92FE-0F7D1443F83E}.Release|Any CPU.Build.0 = Release|Any CPU
		{CE3D7264-8D7B-4289-9C28-6123F15DBADD}.Debug|Any CPU.ActiveCfg = Debug|Any CPU
		{CE3D7264-8D7B-4289-9C28-6123F15DBADD}.Debug|Any CPU.Build.0 = Debug|Any CPU
		{CE3D7264-8D7B-4289-9C28-6123F15DBADD}.Release|Any CPU.ActiveCfg = Release|Any CPU
		{CE3D7264-8D7B-4289-9C28-6123F15DBADD}.Release|Any CPU.Build.0 = Release|Any CPU
		{5AD7ADAA-9D43-4A93-B950-1B506DAF8734}.Debug|Any CPU.ActiveCfg = Debug|Any CPU
		{5AD7ADAA-9D43-4A93-B950-1B506DAF8734}.Debug|Any CPU.Build.0 = Debug|Any CPU
		{5AD7ADAA-9D43-4A93-B950-1B506DAF8734}.Release|Any CPU.ActiveCfg = Release|Any CPU
		{5AD7ADAA-9D43-4A93-B950-1B506DAF8734}.Release|Any CPU.Build.0 = Release|Any CPU
		{A81ED44B-E486-42FF-9792-6D4C4E6A8FC7}.Debug|Any CPU.ActiveCfg = Debug|Any CPU
		{A81ED44B-E486-42FF-9792-6D4C4E6A8FC7}.Debug|Any CPU.Build.0 = Debug|Any CPU
		{A81ED44B-E486-42FF-9792-6D4C4E6A8FC7}.Release|Any CPU.ActiveCfg = Release|Any CPU
		{A81ED44B-E486-42FF-9792-6D4C4E6A8FC7}.Release|Any CPU.Build.0 = Release|Any CPU
		{EDBE04C2-ABF1-4822-92EC-EE20CF31C951}.Debug|Any CPU.ActiveCfg = Debug|Any CPU
		{EDBE04C2-ABF1-4822-92EC-EE20CF31C951}.Debug|Any CPU.Build.0 = Debug|Any CPU
		{EDBE04C2-ABF1-4822-92EC-EE20CF31C951}.Release|Any CPU.ActiveCfg = Release|Any CPU
		{EDBE04C2-ABF1-4822-92EC-EE20CF31C951}.Release|Any CPU.Build.0 = Release|Any CPU
		{49C64147-C061-41CB-8B3F-7ECA07919D35}.Debug|Any CPU.ActiveCfg = Debug|Any CPU
		{49C64147-C061-41CB-8B3F-7ECA07919D35}.Debug|Any CPU.Build.0 = Debug|Any CPU
		{49C64147-C061-41CB-8B3F-7ECA07919D35}.Release|Any CPU.ActiveCfg = Release|Any CPU
		{49C64147-C061-41CB-8B3F-7ECA07919D35}.Release|Any CPU.Build.0 = Release|Any CPU
		{D4F4227D-4E90-4108-9083-AC4DB38C2D76}.Debug|Any CPU.ActiveCfg = Debug|Any CPU
		{D4F4227D-4E90-4108-9083-AC4DB38C2D76}.Debug|Any CPU.Build.0 = Debug|Any CPU
		{D4F4227D-4E90-4108-9083-AC4DB38C2D76}.Release|Any CPU.ActiveCfg = Release|Any CPU
		{D4F4227D-4E90-4108-9083-AC4DB38C2D76}.Release|Any CPU.Build.0 = Release|Any CPU
	EndGlobalSection
	GlobalSection(SolutionProperties) = preSolution
		HideSolutionNode = FALSE
	EndGlobalSection
	GlobalSection(NestedProjects) = preSolution
		{3F4A70F9-8B65-4760-AF14-0DBC9ECCF72D} = {5550C8D1-D0B1-4A19-BAD4-F901080032C1}
		{8BD76E26-3762-4D2A-B0B7-FB3E6C38CEDE} = {5550C8D1-D0B1-4A19-BAD4-F901080032C1}
		{6F9FE7B5-BA06-4BDD-8620-DDF4481F7E04} = {5550C8D1-D0B1-4A19-BAD4-F901080032C1}
		{6E01C911-9145-4703-94BD-34DB5A95F68C} = {4D7623E0-9CEC-4F7B-8BE9-499A2EEA93AA}
		{7093C929-4C29-419A-83AA-9AC1DF36E04C} = {4D7623E0-9CEC-4F7B-8BE9-499A2EEA93AA}
		{64DFAEE2-9876-49BD-9EB7-2C2EEE7D86E6} = {4D7623E0-9CEC-4F7B-8BE9-499A2EEA93AA}
		{9D94F056-1849-4E9F-9454-6270BA719D30} = {6780AF8F-0663-4263-87F5-0C42B82979D1}
		{0902FD7B-8BDE-455A-9893-66C5617E21F5} = {6780AF8F-0663-4263-87F5-0C42B82979D1}
		{FE768460-E67D-4BCD-B993-090D133E27A0} = {6780AF8F-0663-4263-87F5-0C42B82979D1}
		{F7E24FE1-38C5-4652-B6B1-A89989429C18} = {6780AF8F-0663-4263-87F5-0C42B82979D1}
		{094E2336-9F6C-4BF5-A460-98B18AB4510D} = {6780AF8F-0663-4263-87F5-0C42B82979D1}
		{DC9CF3B0-FE91-494E-A512-09E2079BEE75} = {6780AF8F-0663-4263-87F5-0C42B82979D1}
		{36479012-10F3-4E9A-B5B8-3968AA2E415D} = {4E554E0B-6481-482A-920B-6A2A2D053A59}
		{FF1BA308-FBEA-40CF-99F4-598E71C4FDB6} = {4E554E0B-6481-482A-920B-6A2A2D053A59}
		{504FA47A-0525-40BB-92FE-0F7D1443F83E} = {4E554E0B-6481-482A-920B-6A2A2D053A59}
		{CE3D7264-8D7B-4289-9C28-6123F15DBADD} = {EB19BF1E-BE1B-4728-8794-1850A64CA79C}
		{5AD7ADAA-9D43-4A93-B950-1B506DAF8734} = {EB19BF1E-BE1B-4728-8794-1850A64CA79C}
		{A81ED44B-E486-42FF-9792-6D4C4E6A8FC7} = {EB19BF1E-BE1B-4728-8794-1850A64CA79C}
		{EDBE04C2-ABF1-4822-92EC-EE20CF31C951} = {F167B350-E152-4B97-AD00-4387E7B55FE1}
		{49C64147-C061-41CB-8B3F-7ECA07919D35} = {F167B350-E152-4B97-AD00-4387E7B55FE1}
		{D4F4227D-4E90-4108-9083-AC4DB38C2D76} = {F167B350-E152-4B97-AD00-4387E7B55FE1}
	EndGlobalSection
	GlobalSection(ExtensibilityGlobals) = postSolution
		SolutionGuid = {B0817E6F-E9D5-46B8-8E15-ABF901F45544}
	EndGlobalSection
EndGlobal
